// !$*UTF8*$!
{
	archiveVersion = 1;
	classes = {
	};
	objectVersion = 48;
	objects = {

/* Begin PBXBuildFile section */
		69D822A91FCE6B63004AAF8C /* AppDelegate.m in Sources */ = {isa = PBXBuildFile; fileRef = 69D822A81FCE6B63004AAF8C /* AppDelegate.m */; };
		69D822AC1FCE6B63004AAF8C /* ViewController.m in Sources */ = {isa = PBXBuildFile; fileRef = 69D822AB1FCE6B63004AAF8C /* ViewController.m */; };
		69D822AF1FCE6B63004AAF8C /* Main.storyboard in Resources */ = {isa = PBXBuildFile; fileRef = 69D822AD1FCE6B63004AAF8C /* Main.storyboard */; };
		69D822B11FCE6B63004AAF8C /* Assets.xcassets in Resources */ = {isa = PBXBuildFile; fileRef = 69D822B01FCE6B63004AAF8C /* Assets.xcassets */; };
		69D822B41FCE6B63004AAF8C /* LaunchScreen.storyboard in Resources */ = {isa = PBXBuildFile; fileRef = 69D822B21FCE6B63004AAF8C /* LaunchScreen.storyboard */; };
		69D822B71FCE6B63004AAF8C /* main.m in Sources */ = {isa = PBXBuildFile; fileRef = 69D822B61FCE6B63004AAF8C /* main.m */; };
		69D822C01FCE6BCF004AAF8C /* NSTimer+HPBlock.m in Sources */ = {isa = PBXBuildFile; fileRef = 69D822BF1FCE6BCF004AAF8C /* NSTimer+HPBlock.m */; };
/* End PBXBuildFile section */

/* Begin PBXFileReference section */
		69D822A41FCE6B63004AAF8C /* HPMemoryUtilsDemo.app */ = {isa = PBXFileReference; explicitFileType = wrapper.application; includeInIndex = 0; path = HPMemoryUtilsDemo.app; sourceTree = BUILT_PRODUCTS_DIR; };
		69D822A71FCE6B63004AAF8C /* AppDelegate.h */ = {isa = PBXFileReference; lastKnownFileType = sourcecode.c.h; path = AppDelegate.h; sourceTree = "<group>"; };
		69D822A81FCE6B63004AAF8C /* AppDelegate.m */ = {isa = PBXFileReference; lastKnownFileType = sourcecode.c.objc; path = AppDelegate.m; sourceTree = "<group>"; };
		69D822AA1FCE6B63004AAF8C /* ViewController.h */ = {isa = PBXFileReference; lastKnownFileType = sourcecode.c.h; path = ViewController.h; sourceTree = "<group>"; };
		69D822AB1FCE6B63004AAF8C /* ViewController.m */ = {isa = PBXFileReference; lastKnownFileType = sourcecode.c.objc; path = ViewController.m; sourceTree = "<group>"; };
		69D822AE1FCE6B63004AAF8C /* Base */ = {isa = PBXFileReference; lastKnownFileType = file.storyboard; name = Base; path = Base.lproj/Main.storyboard; sourceTree = "<group>"; };
		69D822B01FCE6B63004AAF8C /* Assets.xcassets */ = {isa = PBXFileReference; lastKnownFileType = folder.assetcatalog; path = Assets.xcassets; sourceTree = "<group>"; };
		69D822B31FCE6B63004AAF8C /* Base */ = {isa = PBXFileReference; lastKnownFileType = file.storyboard; name = Base; path = Base.lproj/LaunchScreen.storyboard; sourceTree = "<group>"; };
		69D822B51FCE6B63004AAF8C /* Info.plist */ = {isa = PBXFileReference; lastKnownFileType = text.plist.xml; path = Info.plist; sourceTree = "<group>"; };
		69D822B61FCE6B63004AAF8C /* main.m */ = {isa = PBXFileReference; lastKnownFileType = sourcecode.c.objc; path = main.m; sourceTree = "<group>"; };
		69D822BE1FCE6BCF004AAF8C /* NSTimer+HPBlock.h */ = {isa = PBXFileReference; lastKnownFileType = sourcecode.c.h; path = "NSTimer+HPBlock.h"; sourceTree = "<group>"; };
		69D822BF1FCE6BCF004AAF8C /* NSTimer+HPBlock.m */ = {isa = PBXFileReference; lastKnownFileType = sourcecode.c.objc; path = "NSTimer+HPBlock.m"; sourceTree = "<group>"; };
/* End PBXFileReference section */

/* Begin PBXFrameworksBuildPhase section */
		69D822A11FCE6B63004AAF8C /* Frameworks */ = {
			isa = PBXFrameworksBuildPhase;
			buildActionMask = 2147483647;
			files = (
			);
			runOnlyForDeploymentPostprocessing = 0;
		};
/* End PBXFrameworksBuildPhase section */

/* Begin PBXGroup section */
		69D8229B1FCE6B63004AAF8C = {
			isa = PBXGroup;
			children = (
				69D822BD1FCE6BA1004AAF8C /* HPMemoryUtils */,
				69D822A61FCE6B63004AAF8C /* HPMemoryUtilsDemo */,
				69D822A51FCE6B63004AAF8C /* Products */,
			);
			sourceTree = "<group>";
		};
		69D822A51FCE6B63004AAF8C /* Products */ = {
			isa = PBXGroup;
			children = (
				69D822A41FCE6B63004AAF8C /* HPMemoryUtilsDemo.app */,
			);
			name = Products;
			sourceTree = "<group>";
		};
		69D822A61FCE6B63004AAF8C /* HPMemoryUtilsDemo */ = {
			isa = PBXGroup;
			children = (
				69D822A71FCE6B63004AAF8C /* AppDelegate.h */,
				69D822A81FCE6B63004AAF8C /* AppDelegate.m */,
				69D822AA1FCE6B63004AAF8C /* ViewController.h */,
				69D822AB1FCE6B63004AAF8C /* ViewController.m */,
				69D822AD1FCE6B63004AAF8C /* Main.storyboard */,
				69D822B01FCE6B63004AAF8C /* Assets.xcassets */,
				69D822B21FCE6B63004AAF8C /* LaunchScreen.storyboard */,
				69D822B51FCE6B63004AAF8C /* Info.plist */,
				69D822B61FCE6B63004AAF8C /* main.m */,
			);
			path = HPMemoryUtilsDemo;
			sourceTree = "<group>";
		};
		69D822BD1FCE6BA1004AAF8C /* HPMemoryUtils */ = {
			isa = PBXGroup;
			children = (
				69D822BE1FCE6BCF004AAF8C /* NSTimer+HPBlock.h */,
				69D822BF1FCE6BCF004AAF8C /* NSTimer+HPBlock.m */,
			);
			name = HPMemoryUtils;
			path = ../HPMemoryUtils;
			sourceTree = "<group>";
		};
/* End PBXGroup section */

/* Begin PBXNativeTarget section */
		69D822A31FCE6B63004AAF8C /* HPMemoryUtilsDemo */ = {
			isa = PBXNativeTarget;
			buildConfigurationList = 69D822BA1FCE6B63004AAF8C /* Build configuration list for PBXNativeTarget "HPMemoryUtilsDemo" */;
			buildPhases = (
				69D822A01FCE6B63004AAF8C /* Sources */,
				69D822A11FCE6B63004AAF8C /* Frameworks */,
				69D822A21FCE6B63004AAF8C /* Resources */,
			);
			buildRules = (
			);
			dependencies = (
			);
			name = HPMemoryUtilsDemo;
			productName = HPMemoryUtilsDemo;
			productReference = 69D822A41FCE6B63004AAF8C /* HPMemoryUtilsDemo.app */;
			productType = "com.apple.product-type.application";
		};
/* End PBXNativeTarget section */

/* Begin PBXProject section */
		69D8229C1FCE6B63004AAF8C /* Project object */ = {
			isa = PBXProject;
			attributes = {
				LastUpgradeCheck = 0910;
				ORGANIZATIONNAME = Panda;
				TargetAttributes = {
					69D822A31FCE6B63004AAF8C = {
						CreatedOnToolsVersion = 9.1;
						ProvisioningStyle = Automatic;
					};
				};
			};
			buildConfigurationList = 69D8229F1FCE6B63004AAF8C /* Build configuration list for PBXProject "HPMemoryUtilsDemo" */;
			compatibilityVersion = "Xcode 8.0";
			developmentRegion = en;
			hasScannedForEncodings = 0;
			knownRegions = (
				en,
				Base,
			);
			mainGroup = 69D8229B1FCE6B63004AAF8C;
			productRefGroup = 69D822A51FCE6B63004AAF8C /* Products */;
			projectDirPath = "";
			projectRoot = "";
			targets = (
				69D822A31FCE6B63004AAF8C /* HPMemoryUtilsDemo */,
			);
		};
/* End PBXProject section */

/* Begin PBXResourcesBuildPhase section */
		69D822A21FCE6B63004AAF8C /* Resources */ = {
			isa = PBXResourcesBuildPhase;
			buildActionMask = 2147483647;
			files = (
				69D822B41FCE6B63004AAF8C /* LaunchScreen.storyboard in Resources */,
				69D822B11FCE6B63004AAF8C /* Assets.xcassets in Resources */,
				69D822AF1FCE6B63004AAF8C /* Main.storyboard in Resources */,
			);
			runOnlyForDeploymentPostprocessing = 0;
		};
/* End PBXResourcesBuildPhase section */

/* Begin PBXSourcesBuildPhase section */
		69D822A01FCE6B63004AAF8C /* Sources */ = {
			isa = PBXSourcesBuildPhase;
			buildActionMask = 2147483647;
			files = (
				69D822C01FCE6BCF004AAF8C /* NSTimer+HPBlock.m in Sources */,
				69D822AC1FCE6B63004AAF8C /* ViewController.m in Sources */,
				69D822B71FCE6B63004AAF8C /* main.m in Sources */,
				69D822A91FCE6B63004AAF8C /* AppDelegate.m in Sources */,
			);
			runOnlyForDeploymentPostprocessing = 0;
		};
/* End PBXSourcesBuildPhase section */

/* Begin PBXVariantGroup section */
		69D822AD1FCE6B63004AAF8C /* Main.storyboard */ = {
			isa = PBXVariantGroup;
			children = (
				69D822AE1FCE6B63004AAF8C /* Base */,
			);
			name = Main.storyboard;
			sourceTree = "<group>";
		};
		69D822B21FCE6B63004AAF8C /* LaunchScreen.storyboard */ = {
			isa = PBXVariantGroup;
			children = (
				69D822B31FCE6B63004AAF8C /* Base */,
			);
			name = LaunchScreen.storyboard;
			sourceTree = "<group>";
		};
/* End PBXVariantGroup section */

/* Begin XCBuildConfiguration section */
		69D822B81FCE6B63004AAF8C /* Debug */ = {
			isa = XCBuildConfiguration;
			buildSettings = {
				ALWAYS_SEARCH_USER_PATHS = NO;
				CLANG_ANALYZER_NONNULL = YES;
				CLANG_ANALYZER_NUMBER_OBJECT_CONVERSION = YES_AGGRESSIVE;
				CLANG_CXX_LANGUAGE_STANDARD = "gnu++14";
				CLANG_CXX_LIBRARY = "libc++";
				CLANG_ENABLE_MODULES = YES;
				CLANG_ENABLE_OBJC_ARC = YES;
				CLANG_WARN_BLOCK_CAPTURE_AUTORELEASING = YES;
				CLANG_WARN_BOOL_CONVERSION = YES;
				CLANG_WARN_COMMA = YES;
				CLANG_WARN_CONSTANT_CONVERSION = YES;
				CLANG_WARN_DIRECT_OBJC_ISA_USAGE = YES_ERROR;
				CLANG_WARN_DOCUMENTATION_COMMENTS = YES;
				CLANG_WARN_EMPTY_BODY = YES;
				CLANG_WARN_ENUM_CONVERSION = YES;
				CLANG_WARN_INFINITE_RECURSION = YES;
				CLANG_WARN_INT_CONVERSION = YES;
				CLANG_WARN_NON_LITERAL_NULL_CONVERSION = YES;
				CLANG_WARN_OBJC_LITERAL_CONVERSION = YES;
				CLANG_WARN_OBJC_ROOT_CLASS = YES_ERROR;
				CLANG_WARN_RANGE_LOOP_ANALYSIS = YES;
				CLANG_WARN_STRICT_PROTOTYPES = YES;
				CLANG_WARN_SUSPICIOUS_MOVE = YES;
				CLANG_WARN_UNGUARDED_AVAILABILITY = YES_AGGRESSIVE;
				CLANG_WARN_UNREACHABLE_CODE = YES;
				CLANG_WARN__DUPLICATE_METHOD_MATCH = YES;
				CODE_SIGN_IDENTITY = "iPhone Developer";
				COPY_PHASE_STRIP = NO;
				DEBUG_INFORMATION_FORMAT = dwarf;
				ENABLE_STRICT_OBJC_MSGSEND = YES;
				ENABLE_TESTABILITY = YES;
				GCC_C_LANGUAGE_STANDARD = gnu11;
				GCC_DYNAMIC_NO_PIC = NO;
				GCC_NO_COMMON_BLOCKS = YES;
				GCC_OPTIMIZATION_LEVEL = 0;
				GCC_PREPROCESSOR_DEFINITIONS = (
					"DEBUG=1",
					"$(inherited)",
				);
				GCC_WARN_64_TO_32_BIT_CONVERSION = YES;
				GCC_WARN_ABOUT_RETURN_TYPE = YES_ERROR;
				GCC_WARN_UNDECLARED_SELECTOR = YES;
				GCC_WARN_UNINITIALIZED_AUTOS = YES_AGGRESSIVE;
				GCC_WARN_UNUSED_FUNCTION = YES;
				GCC_WARN_UNUSED_VARIABLE = YES;
				IPHONEOS_DEPLOYMENT_TARGET = 11.1;
				MTL_ENABLE_DEBUG_INFO = YES;
				ONLY_ACTIVE_ARCH = YES;
				SDKROOT = iphoneos;
			};
			name = Debug;
		};
		69D822B91FCE6B63004AAF8C /* Release */ = {
			isa = XCBuildConfiguration;
			buildSettings = {
				ALWAYS_SEARCH_USER_PATHS = NO;
				CLANG_ANALYZER_NONNULL = YES;
				CLANG_ANALYZER_NUMBER_OBJECT_CONVERSION = YES_AGGRESSIVE;
				CLANG_CXX_LANGUAGE_STANDARD = "gnu++14";
				CLANG_CXX_LIBRARY = "libc++";
				CLANG_ENABLE_MODULES = YES;
				CLANG_ENABLE_OBJC_ARC = YES;
				CLANG_WARN_BLOCK_CAPTURE_AUTORELEASING = YES;
				CLANG_WARN_BOOL_CONVERSION = YES;
				CLANG_WARN_COMMA = YES;
				CLANG_WARN_CONSTANT_CONVERSION = YES;
				CLANG_WARN_DIRECT_OBJC_ISA_USAGE = YES_ERROR;
				CLANG_WARN_DOCUMENTATION_COMMENTS = YES;
				CLANG_WARN_EMPTY_BODY = YES;
				CLANG_WARN_ENUM_CONVERSION = YES;
				CLANG_WARN_INFINITE_RECURSION = YES;
				CLANG_WARN_INT_CONVERSION = YES;
				CLANG_WARN_NON_LITERAL_NULL_CONVERSION = YES;
				CLANG_WARN_OBJC_LITERAL_CONVERSION = YES;
				CLANG_WARN_OBJC_ROOT_CLASS = YES_ERROR;
				CLANG_WARN_RANGE_LOOP_ANALYSIS = YES;
				CLANG_WARN_STRICT_PROTOTYPES = YES;
				CLANG_WARN_SUSPICIOUS_MOVE = YES;
				CLANG_WARN_UNGUARDED_AVAILABILITY = YES_AGGRESSIVE;
				CLANG_WARN_UNREACHABLE_CODE = YES;
				CLANG_WARN__DUPLICATE_METHOD_MATCH = YES;
				CODE_SIGN_IDENTITY = "iPhone Developer";
				COPY_PHASE_STRIP = NO;
				DEBUG_INFORMATION_FORMAT = "dwarf-with-dsym";
				ENABLE_NS_ASSERTIONS = NO;
				ENABLE_STRICT_OBJC_MSGSEND = YES;
				GCC_C_LANGUAGE_STANDARD = gnu11;
				GCC_NO_COMMON_BLOCKS = YES;
				GCC_WARN_64_TO_32_BIT_CONVERSION = YES;
				GCC_WARN_ABOUT_RETURN_TYPE = YES_ERROR;
				GCC_WARN_UNDECLARED_SELECTOR = YES;
				GCC_WARN_UNINITIALIZED_AUTOS = YES_AGGRESSIVE;
				GCC_WARN_UNUSED_FUNCTION = YES;
				GCC_WARN_UNUSED_VARIABLE = YES;
				IPHONEOS_DEPLOYMENT_TARGET = 11.1;
				MTL_ENABLE_DEBUG_INFO = NO;
				SDKROOT = iphoneos;
				VALIDATE_PRODUCT = YES;
			};
			name = Release;
		};
		69D822BB1FCE6B63004AAF8C /* Debug */ = {
			isa = XCBuildConfiguration;
			buildSettings = {
				ASSETCATALOG_COMPILER_APPICON_NAME = AppIcon;
				CODE_SIGN_STYLE = Automatic;
				DEVELOPMENT_TEAM = 68UAP8W9QW;
				INFOPLIST_FILE = HPMemoryUtilsDemo/Info.plist;
				LD_RUNPATH_SEARCH_PATHS = "$(inherited) @executable_path/Frameworks";
				PRODUCT_BUNDLE_IDENTIFIER = wiki.pan.www.HPMemoryUtilsDemo;
				PRODUCT_NAME = "$(TARGET_NAME)";
				TARGETED_DEVICE_FAMILY = "1,2";
			};
			name = Debug;
		};
		69D822BC1FCE6B63004AAF8C /* Release */ = {
			isa = XCBuildConfiguration;
			buildSettings = {
				ASSETCATALOG_COMPILER_APPICON_NAME = AppIcon;
				CODE_SIGN_STYLE = Automatic;
				DEVELOPMENT_TEAM = 68UAP8W9QW;
				INFOPLIST_FILE = HPMemoryUtilsDemo/Info.plist;
				LD_RUNPATH_SEARCH_PATHS = "$(inherited) @executable_path/Frameworks";
				PRODUCT_BUNDLE_IDENTIFIER = wiki.pan.www.HPMemoryUtilsDemo;
				PRODUCT_NAME = "$(TARGET_NAME)";
				TARGETED_DEVICE_FAMILY = "1,2";
			};
			name = Release;
		};
/* End XCBuildConfiguration section */

/* Begin XCConfigurationList section */
		69D8229F1FCE6B63004AAF8C /* Build configuration list for PBXProject "HPMemoryUtilsDemo" */ = {
			isa = XCConfigurationList;
			buildConfigurations = (
				69D822B81FCE6B63004AAF8C /* Debug */,
				69D822B91FCE6B63004AAF8C /* Release */,
			);
			defaultConfigurationIsVisible = 0;
			defaultConfigurationName = Release;
		};
		69D822BA1FCE6B63004AAF8C /* Build configuration list for PBXNativeTarget "HPMemoryUtilsDemo" */ = {
			isa = XCConfigurationList;
			buildConfigurations = (
				69D822BB1FCE6B63004AAF8C /* Debug */,
				69D822BC1FCE6B63004AAF8C /* Release */,
			);
			defaultConfigurationIsVisible = 0;
			defaultConfigurationName = Release;
		};
/* End XCConfigurationList section */
	};
	rootObject = 69D8229C1FCE6B63004AAF8C /* Project object */;
}
